
Microsoft Visual Studio Solution File, Format Version 12.00
# Visual Studio Version 16
VisualStudioVersion = 16.0.32126.315
MinimumVisualStudioVersion = 10.0.40219.1
Project("{8BC9CEB8-8B4A-11D0-8D11-00A0C91BC942}") = "Sandbox", "Sandbox\Sandbox.vcxproj", "{9FAF3373-7EF2-4115-AF17-3B36FABDE1B9}"
EndProject
Project("{8BC9CEB8-8B4A-11D0-8D11-00A0C91BC942}") = "Acrylic", "Acrylic\Acrylic.vcxproj", "{C6941848-0739-48F2-A95A-3947E70BC66E}"
EndProject
Global
	GlobalSection(SolutionConfigurationPlatforms) = preSolution
		Debug|x64 = Debug|x64
		Release|x64 = Release|x64
	EndGlobalSection
	GlobalSection(ProjectConfigurationPlatforms) = postSolution
		{C6941848-0739-48F2-A95A-3947E70BC66E}.Debug|x64.ActiveCfg = Debug|x64
		{C6941848-0739-48F2-A95A-3947E70BC66E}.Debug|x64.Build.0 = Debug|x64
		{C6941848-0739-48F2-A95A-3947E70BC66E}.Release|x64.ActiveCfg = Release|x64
		{C6941848-0739-48F2-A95A-3947E70BC66E}.Release|x64.Build.0 = Release|x64
		{9FAF3373-7EF2-4115-AF17-3B36FABDE1B9}.Debug|x64.ActiveCfg = Debug|x64
		{9FAF3373-7EF2-4115-AF17-3B36FABDE1B9}.Debug|x64.Build.0 = Debug|x64
		{9FAF3373-7EF2-4115-AF17-3B36FABDE1B9}.Release|x64.ActiveCfg = Release|x64
		{9FAF3373-7EF2-4115-AF17-3B36FABDE1B9}.Release|x64.Build.0 = Release|x64
	EndGlobalSection
	GlobalSection(SolutionProperties) = preSolution
		HideSolutionNode = FALSE
	EndGlobalSection
	GlobalSection(ExtensibilityGlobals) = postSolution
		SolutionGuid = {FBECF244-823B-4BE3-B73E-452BE10C03E2}
	EndGlobalSection
EndGlobal
